
Microsoft Visual Studio Solution File, Format Version 12.00
# Visual Studio 15
VisualStudioVersion = 15.0.28307.705
MinimumVisualStudioVersion = 10.0.40219.1
Project("{FAE04EC0-301F-11D3-BF4B-00C04F79EFBC}") = "realtime", "realtime\realtime.csproj", "{7E75C42B-7BDA-405B-AEBC-0A31937AC6A6}"
EndProject
Global
	GlobalSection(SolutionConfigurationPlatforms) = preSolution
		Debug|Any CPU = Debug|Any CPU
		Release|Any CPU = Release|Any CPU
	EndGlobalSection
	GlobalSection(ProjectConfigurationPlatforms) = postSolution
		{7E75C42B-7BDA-405B-AEBC-0A31937AC6A6}.Debug|Any CPU.ActiveCfg = Debug|Any CPU
		{7E75C42B-7BDA-405B-AEBC-0A31937AC6A6}.Debug|Any CPU.Build.0 = Debug|Any CPU
		{7E75C42B-7BDA-405B-AEBC-0A31937AC6A6}.Release|Any CPU.ActiveCfg = Release|Any CPU
		{7E75C42B-7BDA-405B-AEBC-0A31937AC6A6}.Release|Any CPU.Build.0 = Release|Any CPU
	EndGlobalSection
	GlobalSection(SolutionProperties) = preSolution
		HideSolutionNode = FALSE
	EndGlobalSection
	GlobalSection(ExtensibilityGlobals) = postSolution
		SolutionGuid = {00094446-71B3-4FA5-B050-3945D1F9AC08}
	EndGlobalSection
EndGlobal
